// !$*UTF8*$!
{
	archiveVersion = 1;
	classes = {
	};
	objectVersion = 50;
	objects = {

/* Begin PBXBuildFile section */
		072148CF2217470C0085D382 /* AppDelegate.swift in Sources */ = {isa = PBXBuildFile; fileRef = 072148CE2217470C0085D382 /* AppDelegate.swift */; };
		072148D12217470C0085D382 /* ViewController.swift in Sources */ = {isa = PBXBuildFile; fileRef = 072148D02217470C0085D382 /* ViewController.swift */; };
		072148D42217470C0085D382 /* Main.storyboard in Resources */ = {isa = PBXBuildFile; fileRef = 072148D22217470C0085D382 /* Main.storyboard */; };
		072148D62217470C0085D382 /* Assets.xcassets in Resources */ = {isa = PBXBuildFile; fileRef = 072148D52217470C0085D382 /* Assets.xcassets */; };
		072148D92217470C0085D382 /* LaunchScreen.storyboard in Resources */ = {isa = PBXBuildFile; fileRef = 072148D72217470C0085D382 /* LaunchScreen.storyboard */; };
		072148E12217473A0085D382 /* struct.swift in Sources */ = {isa = PBXBuildFile; fileRef = 072148E02217473A0085D382 /* struct.swift */; };
		072148E3221748330085D382 /* Constants.swift in Sources */ = {isa = PBXBuildFile; fileRef = 072148E2221748330085D382 /* Constants.swift */; };
/* End PBXBuildFile section */

/* Begin PBXFileReference section */
		072148CB2217470C0085D382 /* JSONtest2.app */ = {isa = PBXFileReference; explicitFileType = wrapper.application; includeInIndex = 0; path = JSONtest2.app; sourceTree = BUILT_PRODUCTS_DIR; };
		072148CE2217470C0085D382 /* AppDelegate.swift */ = {isa = PBXFileReference; lastKnownFileType = sourcecode.swift; path = AppDelegate.swift; sourceTree = "<group>"; };
		072148D02217470C0085D382 /* ViewController.swift */ = {isa = PBXFileReference; lastKnownFileType = sourcecode.swift; path = ViewController.swift; sourceTree = "<group>"; };
		072148D32217470C0085D382 /* Base */ = {isa = PBXFileReference; lastKnownFileType = file.storyboard; name = Base; path = Base.lproj/Main.storyboard; sourceTree = "<group>"; };
		072148D52217470C0085D382 /* Assets.xcassets */ = {isa = PBXFileReference; lastKnownFileType = folder.assetcatalog; path = Assets.xcassets; sourceTree = "<group>"; };
		072148D82217470C0085D382 /* Base */ = {isa = PBXFileReference; lastKnownFileType = file.storyboard; name = Base; path = Base.lproj/LaunchScreen.storyboard; sourceTree = "<group>"; };
		072148DA2217470C0085D382 /* Info.plist */ = {isa = PBXFileReference; lastKnownFileType = text.plist.xml; path = Info.plist; sourceTree = "<group>"; };
		072148E02217473A0085D382 /* struct.swift */ = {isa = PBXFileReference; lastKnownFileType = sourcecode.swift; path = struct.swift; sourceTree = "<group>"; };
		072148E2221748330085D382 /* Constants.swift */ = {isa = PBXFileReference; lastKnownFileType = sourcecode.swift; path = Constants.swift; sourceTree = "<group>"; };
/* End PBXFileReference section */

/* Begin PBXFrameworksBuildPhase section */
		072148C82217470C0085D382 /* Frameworks */ = {
			isa = PBXFrameworksBuildPhase;
			buildActionMask = 2147483647;
			files = (
			);
			runOnlyForDeploymentPostprocessing = 0;
		};
/* End PBXFrameworksBuildPhase section */

/* Begin PBXGroup section */
		072148C22217470C0085D382 = {
			isa = PBXGroup;
			children = (
				072148CD2217470C0085D382 /* JSONtest2 */,
				072148CC2217470C0085D382 /* Products */,
			);
			sourceTree = "<group>";
		};
		072148CC2217470C0085D382 /* Products */ = {
			isa = PBXGroup;
			children = (
				072148CB2217470C0085D382 /* JSONtest2.app */,
			);
			name = Products;
			sourceTree = "<group>";
		};
		072148CD2217470C0085D382 /* JSONtest2 */ = {
			isa = PBXGroup;
			children = (
				072148CE2217470C0085D382 /* AppDelegate.swift */,
				072148D02217470C0085D382 /* ViewController.swift */,
				072148D22217470C0085D382 /* Main.storyboard */,
				072148D52217470C0085D382 /* Assets.xcassets */,
				072148D72217470C0085D382 /* LaunchScreen.storyboard */,
				072148DA2217470C0085D382 /* Info.plist */,
				072148E02217473A0085D382 /* struct.swift */,
				072148E2221748330085D382 /* Constants.swift */,
			);
			path = JSONtest2;
			sourceTree = "<group>";
		};
/* End PBXGroup section */

/* Begin PBXNativeTarget section */
		072148CA2217470C0085D382 /* JSONtest2 */ = {
			isa = PBXNativeTarget;
			buildConfigurationList = 072148DD2217470C0085D382 /* Build configuration list for PBXNativeTarget "JSONtest2" */;
			buildPhases = (
				072148C72217470C0085D382 /* Sources */,
				072148C82217470C0085D382 /* Frameworks */,
				072148C92217470C0085D382 /* Resources */,
			);
			buildRules = (
			);
			dependencies = (
			);
			name = JSONtest2;
			productName = JSONtest2;
			productReference = 072148CB2217470C0085D382 /* JSONtest2.app */;
			productType = "com.apple.product-type.application";
		};
/* End PBXNativeTarget section */

/* Begin PBXProject section */
		072148C32217470C0085D382 /* Project object */ = {
			isa = PBXProject;
			attributes = {
				LastSwiftUpdateCheck = 1010;
				LastUpgradeCheck = 1010;
				ORGANIZATIONNAME = "Milos Otasevic";
				TargetAttributes = {
					072148CA2217470C0085D382 = {
						CreatedOnToolsVersion = 10.1;
					};
				};
			};
			buildConfigurationList = 072148C62217470C0085D382 /* Build configuration list for PBXProject "JSONtest2" */;
			compatibilityVersion = "Xcode 9.3";
			developmentRegion = en;
			hasScannedForEncodings = 0;
			knownRegions = (
				en,
				Base,
			);
			mainGroup = 072148C22217470C0085D382;
			productRefGroup = 072148CC2217470C0085D382 /* Products */;
			projectDirPath = "";
			projectRoot = "";
			targets = (
				072148CA2217470C0085D382 /* JSONtest2 */,
			);
		};
/* End PBXProject section */

/* Begin PBXResourcesBuildPhase section */
		072148C92217470C0085D382 /* Resources */ = {
			isa = PBXResourcesBuildPhase;
			buildActionMask = 2147483647;
			files = (
				072148D92217470C0085D382 /* LaunchScreen.storyboard in Resources */,
				072148D62217470C0085D382 /* Assets.xcassets in Resources */,
				072148D42217470C0085D382 /* Main.storyboard in Resources */,
			);
			runOnlyForDeploymentPostprocessing = 0;
		};
/* End PBXResourcesBuildPhase section */

/* Begin PBXSourcesBuildPhase section */
		072148C72217470C0085D382 /* Sources */ = {
			isa = PBXSourcesBuildPhase;
			buildActionMask = 2147483647;
			files = (
				072148E12217473A0085D382 /* struct.swift in Sources */,
				072148D12217470C0085D382 /* ViewController.swift in Sources */,
				072148CF2217470C0085D382 /* AppDelegate.swift in Sources */,
				072148E3221748330085D382 /* Constants.swift in Sources */,
			);
			runOnlyForDeploymentPostprocessing = 0;
		};
/* End PBXSourcesBuildPhase section */

/* Begin PBXVariantGroup section */
		072148D22217470C0085D382 /* Main.storyboard */ = {
			isa = PBXVariantGroup;
			children = (
				072148D32217470C0085D382 /* Base */,
			);
			name = Main.storyboard;
			sourceTree = "<group>";
		};
		072148D72217470C0085D382 /* LaunchScreen.storyboard */ = {
			isa = PBXVariantGroup;
			children = (
				072148D82217470C0085D382 /* Base */,
			);
			name = LaunchScreen.storyboard;
			sourceTree = "<group>";
		};
/* End PBXVariantGroup section */

/* Begin XCBuildConfiguration section */
		072148DB2217470C0085D382 /* Debug */ = {
			isa = XCBuildConfiguration;
			buildSettings = {
				ALWAYS_SEARCH_USER_PATHS = NO;
				CLANG_ANALYZER_NONNULL = YES;
				CLANG_ANALYZER_NUMBER_OBJECT_CONVERSION = YES_AGGRESSIVE;
				CLANG_CXX_LANGUAGE_STANDARD = "gnu++14";
				CLANG_CXX_LIBRARY = "libc++";
				CLANG_ENABLE_MODULES = YES;
				CLANG_ENABLE_OBJC_ARC = YES;
				CLANG_ENABLE_OBJC_WEAK = YES;
				CLANG_WARN_BLOCK_CAPTURE_AUTORELEASING = YES;
				CLANG_WARN_BOOL_CONVERSION = YES;
				CLANG_WARN_COMMA = YES;
				CLANG_WARN_CONSTANT_CONVERSION = YES;
				CLANG_WARN_DEPRECATED_OBJC_IMPLEMENTATIONS = YES;
				CLANG_WARN_DIRECT_OBJC_ISA_USAGE = YES_ERROR;
				CLANG_WARN_DOCUMENTATION_COMMENTS = YES;
				CLANG_WARN_EMPTY_BODY = YES;
				CLANG_WARN_ENUM_CONVERSION = YES;
				CLANG_WARN_INFINITE_RECURSION = YES;
				CLANG_WARN_INT_CONVERSION = YES;
				CLANG_WARN_NON_LITERAL_NULL_CONVERSION = YES;
				CLANG_WARN_OBJC_IMPLICIT_RETAIN_SELF = YES;
				CLANG_WARN_OBJC_LITERAL_CONVERSION = YES;
				CLANG_WARN_OBJC_ROOT_CLASS = YES_ERROR;
				CLANG_WARN_RANGE_LOOP_ANALYSIS = YES;
				CLANG_WARN_STRICT_PROTOTYPES = YES;
				CLANG_WARN_SUSPICIOUS_MOVE = YES;
				CLANG_WARN_UNGUARDED_AVAILABILITY = YES_AGGRESSIVE;
				CLANG_WARN_UNREACHABLE_CODE = YES;
				CLANG_WARN__DUPLICATE_METHOD_MATCH = YES;
				CODE_SIGN_IDENTITY = "iPhone Developer";
				COPY_PHASE_STRIP = NO;
				DEBUG_INFORMATION_FORMAT = dwarf;
				ENABLE_STRICT_OBJC_MSGSEND = YES;
				ENABLE_TESTABILITY = YES;
				GCC_C_LANGUAGE_STANDARD = gnu11;
				GCC_DYNAMIC_NO_PIC = NO;
				GCC_NO_COMMON_BLOCKS = YES;
				GCC_OPTIMIZATION_LEVEL = 0;
				GCC_PREPROCESSOR_DEFINITIONS = (
					"DEBUG=1",
					"$(inherited)",
				);
				GCC_WARN_64_TO_32_BIT_CONVERSION = YES;
				GCC_WARN_ABOUT_RETURN_TYPE = YES_ERROR;
				GCC_WARN_UNDECLARED_SELECTOR = YES;
				GCC_WARN_UNINITIALIZED_AUTOS = YES_AGGRESSIVE;
				GCC_WARN_UNUSED_FUNCTION = YES;
				GCC_WARN_UNUSED_VARIABLE = YES;
				IPHONEOS_DEPLOYMENT_TARGET = 12.1;
				MTL_ENABLE_DEBUG_INFO = INCLUDE_SOURCE;
				MTL_FAST_MATH = YES;
				ONLY_ACTIVE_ARCH = YES;
				SDKROOT = iphoneos;
				SWIFT_ACTIVE_COMPILATION_CONDITIONS = DEBUG;
				SWIFT_OPTIMIZATION_LEVEL = "-Onone";
			};
			name = Debug;
		};
		072148DC2217470C0085D382 /* Release */ = {
			isa = XCBuildConfiguration;
			buildSettings = {
				ALWAYS_SEARCH_USER_PATHS = NO;
				CLANG_ANALYZER_NONNULL = YES;
				CLANG_ANALYZER_NUMBER_OBJECT_CONVERSION = YES_AGGRESSIVE;
				CLANG_CXX_LANGUAGE_STANDARD = "gnu++14";
				CLANG_CXX_LIBRARY = "libc++";
				CLANG_ENABLE_MODULES = YES;
				CLANG_ENABLE_OBJC_ARC = YES;
				CLANG_ENABLE_OBJC_WEAK = YES;
				CLANG_WARN_BLOCK_CAPTURE_AUTORELEASING = YES;
				CLANG_WARN_BOOL_CONVERSION = YES;
				CLANG_WARN_COMMA = YES;
				CLANG_WARN_CONSTANT_CONVERSION = YES;
				CLANG_WARN_DEPRECATED_OBJC_IMPLEMENTATIONS = YES;
				CLANG_WARN_DIRECT_OBJC_ISA_USAGE = YES_ERROR;
				CLANG_WARN_DOCUMENTATION_COMMENTS = YES;
				CLANG_WARN_EMPTY_BODY = YES;
				CLANG_WARN_ENUM_CONVERSION = YES;
				CLANG_WARN_INFINITE_RECURSION = YES;
				CLANG_WARN_INT_CONVERSION = YES;
				CLANG_WARN_NON_LITERAL_NULL_CONVERSION = YES;
				CLANG_WARN_OBJC_IMPLICIT_RETAIN_SELF = YES;
				CLANG_WARN_OBJC_LITERAL_CONVERSION = YES;
				CLANG_WARN_OBJC_ROOT_CLASS = YES_ERROR;
				CLANG_WARN_RANGE_LOOP_ANALYSIS = YES;
				CLANG_WARN_STRICT_PROTOTYPES = YES;
				CLANG_WARN_SUSPICIOUS_MOVE = YES;
				CLANG_WARN_UNGUARDED_AVAILABILITY = YES_AGGRESSIVE;
				CLANG_WARN_UNREACHABLE_CODE = YES;
				CLANG_WARN__DUPLICATE_METHOD_MATCH = YES;
				CODE_SIGN_IDENTITY = "iPhone Developer";
				COPY_PHASE_STRIP = NO;
				DEBUG_INFORMATION_FORMAT = "dwarf-with-dsym";
				ENABLE_NS_ASSERTIONS = NO;
				ENABLE_STRICT_OBJC_MSGSEND = YES;
				GCC_C_LANGUAGE_STANDARD = gnu11;
				GCC_NO_COMMON_BLOCKS = YES;
				GCC_WARN_64_TO_32_BIT_CONVERSION = YES;
				GCC_WARN_ABOUT_RETURN_TYPE = YES_ERROR;
				GCC_WARN_UNDECLARED_SELECTOR = YES;
				GCC_WARN_UNINITIALIZED_AUTOS = YES_AGGRESSIVE;
				GCC_WARN_UNUSED_FUNCTION = YES;
				GCC_WARN_UNUSED_VARIABLE = YES;
				IPHONEOS_DEPLOYMENT_TARGET = 12.1;
				MTL_ENABLE_DEBUG_INFO = NO;
				MTL_FAST_MATH = YES;
				SDKROOT = iphoneos;
				SWIFT_COMPILATION_MODE = wholemodule;
				SWIFT_OPTIMIZATION_LEVEL = "-O";
				VALIDATE_PRODUCT = YES;
			};
			name = Release;
		};
		072148DE2217470C0085D382 /* Debug */ = {
			isa = XCBuildConfiguration;
			buildSettings = {
				ASSETCATALOG_COMPILER_APPICON_NAME = AppIcon;
				CODE_SIGN_STYLE = Automatic;
				DEVELOPMENT_TEAM = 936J3XZXG4;
				INFOPLIST_FILE = JSONtest2/Info.plist;
				LD_RUNPATH_SEARCH_PATHS = (
					"$(inherited)",
					"@executable_path/Frameworks",
				);
				PRODUCT_BUNDLE_IDENTIFIER = com.milos.JSONtest2;
				PRODUCT_NAME = "$(TARGET_NAME)";
				SWIFT_VERSION = 4.2;
				TARGETED_DEVICE_FAMILY = "1,2";
			};
			name = Debug;
		};
		072148DF2217470C0085D382 /* Release */ = {
			isa = XCBuildConfiguration;
			buildSettings = {
				ASSETCATALOG_COMPILER_APPICON_NAME = AppIcon;
				CODE_SIGN_STYLE = Automatic;
				DEVELOPMENT_TEAM = 936J3XZXG4;
				INFOPLIST_FILE = JSONtest2/Info.plist;
				LD_RUNPATH_SEARCH_PATHS = (
					"$(inherited)",
					"@executable_path/Frameworks",
				);
				PRODUCT_BUNDLE_IDENTIFIER = com.milos.JSONtest2;
				PRODUCT_NAME = "$(TARGET_NAME)";
				SWIFT_VERSION = 4.2;
				TARGETED_DEVICE_FAMILY = "1,2";
			};
			name = Release;
		};
/* End XCBuildConfiguration section */

/* Begin XCConfigurationList section */
		072148C62217470C0085D382 /* Build configuration list for PBXProject "JSONtest2" */ = {
			isa = XCConfigurationList;
			buildConfigurations = (
				072148DB2217470C0085D382 /* Debug */,
				072148DC2217470C0085D382 /* Release */,
			);
			defaultConfigurationIsVisible = 0;
			defaultConfigurationName = Release;
		};
		072148DD2217470C0085D382 /* Build configuration list for PBXNativeTarget "JSONtest2" */ = {
			isa = XCConfigurationList;
			buildConfigurations = (
				072148DE2217470C0085D382 /* Debug */,
				072148DF2217470C0085D382 /* Release */,
			);
			defaultConfigurationIsVisible = 0;
			defaultConfigurationName = Release;
		};
/* End XCConfigurationList section */
	};
	rootObject = 072148C32217470C0085D382 /* Project object */;
}
